
Microsoft Visual Studio Solution File, Format Version 12.00
Project("{FAE04EC0-301F-11D3-BF4B-00C04F79EFBC}") = "CompanyEmployees", "CompanyEmployees\CompanyEmployees.csproj", "{CF4A3187-242D-4A76-929D-15E0EA9361C4}"
EndProject
Project("{FAE04EC0-301F-11D3-BF4B-00C04F79EFBC}") = "Contracts", "Contracts\Contracts.csproj", "{ED906EB2-895C-48B6-940A-D9AF09C50D51}"
EndProject
Project("{FAE04EC0-301F-11D3-BF4B-00C04F79EFBC}") = "LoggerService", "LoggerService\LoggerService.csproj", "{BB7A258C-E5F6-42DC-9C7D-5987901E58FE}"
EndProject
Project("{FAE04EC0-301F-11D3-BF4B-00C04F79EFBC}") = "Entities", "Entities\Entities.csproj", "{E4D835F5-4024-4594-B584-92CAFC8CD790}"
EndProject
Project("{FAE04EC0-301F-11D3-BF4B-00C04F79EFBC}") = "Repository", "Repository\Repository.csproj", "{E85CD98E-D595-43B2-A136-B8197C14668C}"
EndProject
Project("{FAE04EC0-301F-11D3-BF4B-00C04F79EFBC}") = "Service.Contracts", "Service.Contracts\Service.Contracts.csproj", "{D604634A-9552-4289-9C76-341AEEEC5731}"
EndProject
Project("{FAE04EC0-301F-11D3-BF4B-00C04F79EFBC}") = "Service", "Service\Service.csproj", "{B28AA3FC-C5C8-4FBC-9272-4CED1BD8D42A}"
EndProject
Project("{FAE04EC0-301F-11D3-BF4B-00C04F79EFBC}") = "CompanyEmployees.Presentation", "CompanyEmployees.Presentation\CompanyEmployees.Presentation.csproj", "{8593BD4E-2173-4BA7-9E23-B2A41E19529C}"
EndProject
Project("{FAE04EC0-301F-11D3-BF4B-00C04F79EFBC}") = "Shared", "Shared\Shared.csproj", "{EA64F209-4991-44C9-A63D-DA8C70F97E98}"
EndProject
Global
	GlobalSection(SolutionConfigurationPlatforms) = preSolution
		Debug|Any CPU = Debug|Any CPU
		Release|Any CPU = Release|Any CPU
	EndGlobalSection
	GlobalSection(ProjectConfigurationPlatforms) = postSolution
		{CF4A3187-242D-4A76-929D-15E0EA9361C4}.Debug|Any CPU.ActiveCfg = Debug|Any CPU
		{CF4A3187-242D-4A76-929D-15E0EA9361C4}.Debug|Any CPU.Build.0 = Debug|Any CPU
		{CF4A3187-242D-4A76-929D-15E0EA9361C4}.Release|Any CPU.ActiveCfg = Release|Any CPU
		{CF4A3187-242D-4A76-929D-15E0EA9361C4}.Release|Any CPU.Build.0 = Release|Any CPU
		{ED906EB2-895C-48B6-940A-D9AF09C50D51}.Debug|Any CPU.ActiveCfg = Debug|Any CPU
		{ED906EB2-895C-48B6-940A-D9AF09C50D51}.Debug|Any CPU.Build.0 = Debug|Any CPU
		{ED906EB2-895C-48B6-940A-D9AF09C50D51}.Release|Any CPU.ActiveCfg = Release|Any CPU
		{ED906EB2-895C-48B6-940A-D9AF09C50D51}.Release|Any CPU.Build.0 = Release|Any CPU
		{BB7A258C-E5F6-42DC-9C7D-5987901E58FE}.Debug|Any CPU.ActiveCfg = Debug|Any CPU
		{BB7A258C-E5F6-42DC-9C7D-5987901E58FE}.Debug|Any CPU.Build.0 = Debug|Any CPU
		{BB7A258C-E5F6-42DC-9C7D-5987901E58FE}.Release|Any CPU.ActiveCfg = Release|Any CPU
		{BB7A258C-E5F6-42DC-9C7D-5987901E58FE}.Release|Any CPU.Build.0 = Release|Any CPU
		{E4D835F5-4024-4594-B584-92CAFC8CD790}.Debug|Any CPU.ActiveCfg = Debug|Any CPU
		{E4D835F5-4024-4594-B584-92CAFC8CD790}.Debug|Any CPU.Build.0 = Debug|Any CPU
		{E4D835F5-4024-4594-B584-92CAFC8CD790}.Release|Any CPU.ActiveCfg = Release|Any CPU
		{E4D835F5-4024-4594-B584-92CAFC8CD790}.Release|Any CPU.Build.0 = Release|Any CPU
		{E85CD98E-D595-43B2-A136-B8197C14668C}.Debug|Any CPU.ActiveCfg = Debug|Any CPU
		{E85CD98E-D595-43B2-A136-B8197C14668C}.Debug|Any CPU.Build.0 = Debug|Any CPU
		{E85CD98E-D595-43B2-A136-B8197C14668C}.Release|Any CPU.ActiveCfg = Release|Any CPU
		{E85CD98E-D595-43B2-A136-B8197C14668C}.Release|Any CPU.Build.0 = Release|Any CPU
		{D604634A-9552-4289-9C76-341AEEEC5731}.Debug|Any CPU.ActiveCfg = Debug|Any CPU
		{D604634A-9552-4289-9C76-341AEEEC5731}.Debug|Any CPU.Build.0 = Debug|Any CPU
		{D604634A-9552-4289-9C76-341AEEEC5731}.Release|Any CPU.ActiveCfg = Release|Any CPU
		{D604634A-9552-4289-9C76-341AEEEC5731}.Release|Any CPU.Build.0 = Release|Any CPU
		{B28AA3FC-C5C8-4FBC-9272-4CED1BD8D42A}.Debug|Any CPU.ActiveCfg = Debug|Any CPU
		{B28AA3FC-C5C8-4FBC-9272-4CED1BD8D42A}.Debug|Any CPU.Build.0 = Debug|Any CPU
		{B28AA3FC-C5C8-4FBC-9272-4CED1BD8D42A}.Release|Any CPU.ActiveCfg = Release|Any CPU
		{B28AA3FC-C5C8-4FBC-9272-4CED1BD8D42A}.Release|Any CPU.Build.0 = Release|Any CPU
		{8593BD4E-2173-4BA7-9E23-B2A41E19529C}.Debug|Any CPU.ActiveCfg = Debug|Any CPU
		{8593BD4E-2173-4BA7-9E23-B2A41E19529C}.Debug|Any CPU.Build.0 = Debug|Any CPU
		{8593BD4E-2173-4BA7-9E23-B2A41E19529C}.Release|Any CPU.ActiveCfg = Release|Any CPU
		{8593BD4E-2173-4BA7-9E23-B2A41E19529C}.Release|Any CPU.Build.0 = Release|Any CPU
		{EA64F209-4991-44C9-A63D-DA8C70F97E98}.Debug|Any CPU.ActiveCfg = Debug|Any CPU
		{EA64F209-4991-44C9-A63D-DA8C70F97E98}.Debug|Any CPU.Build.0 = Debug|Any CPU
		{EA64F209-4991-44C9-A63D-DA8C70F97E98}.Release|Any CPU.ActiveCfg = Release|Any CPU
		{EA64F209-4991-44C9-A63D-DA8C70F97E98}.Release|Any CPU.Build.0 = Release|Any CPU
	EndGlobalSection
EndGlobal
